// !$*UTF8*$!
{
	archiveVersion = 1;
	classes = {
	};
	objectVersion = 77;
	objects = {

/* Begin PBXBuildFile section */
		A00000000000000000000001 /* CodexMenuBarApp.swift in Sources */ = {isa = PBXBuildFile; fileRef = A00000000000000000000011 /* CodexMenuBarApp.swift */; };
		A00000000000000000000002 /* AppModel.swift in Sources */ = {isa = PBXBuildFile; fileRef = A00000000000000000000012 /* AppModel.swift */; };
		A00000000000000000000003 /* AppServerClient.swift in Sources */ = {isa = PBXBuildFile; fileRef = A00000000000000000000013 /* AppServerClient.swift */; };
		A00000000000000000000004 /* RateLimitNormalizer.swift in Sources */ = {isa = PBXBuildFile; fileRef = A00000000000000000000014 /* RateLimitNormalizer.swift */; };
		A00000000000000000000005 /* UsagePopover.swift in Sources */ = {isa = PBXBuildFile; fileRef = A00000000000000000000015 /* UsagePopover.swift */; };
		A00000000000000000000007 /* JSONLineFramerTests.swift in Sources */ = {isa = PBXBuildFile; fileRef = A00000000000000000000021 /* JSONLineFramerTests.swift */; };
		A00000000000000000000008 /* RateLimitNormalizerTests.swift in Sources */ = {isa = PBXBuildFile; fileRef = A00000000000000000000022 /* RateLimitNormalizerTests.swift */; };
		B00000000000000000000001 /* ScriptableExporter.swift in Sources */ = {isa = PBXBuildFile; fileRef = B00000000000000000000011 /* ScriptableExporter.swift */; };
		B00000000000000000000002 /* Codex Usage.js in Resources */ = {isa = PBXBuildFile; fileRef = B00000000000000000000012 /* Codex Usage.js */; };
/* End PBXBuildFile section */

/* Begin PBXContainerItemProxy section */
		A00000000000000000000042 /* PBXContainerItemProxy */ = {
			isa = PBXContainerItemProxy;
			containerPortal = A00000000000000000000050 /* Project object */;
			proxyType = 1;
			remoteGlobalIDString = A00000000000000000000060;
			remoteInfo = CodexMenuBar;
		};
/* End PBXContainerItemProxy section */

/* Begin PBXFileReference section */
		A00000000000000000000010 /* CodexMenuBar.app */ = {isa = PBXFileReference; explicitFileType = wrapper.application; includeInIndex = 0; path = CodexMenuBar.app; sourceTree = BUILT_PRODUCTS_DIR; };
		A00000000000000000000011 /* CodexMenuBarApp.swift */ = {isa = PBXFileReference; lastKnownFileType = sourcecode.swift; path = CodexMenuBarApp.swift; sourceTree = "<group>"; };
		A00000000000000000000012 /* AppModel.swift */ = {isa = PBXFileReference; lastKnownFileType = sourcecode.swift; path = AppModel.swift; sourceTree = "<group>"; };
		A00000000000000000000013 /* AppServerClient.swift */ = {isa = PBXFileReference; lastKnownFileType = sourcecode.swift; path = AppServerClient.swift; sourceTree = "<group>"; };
		A00000000000000000000014 /* RateLimitNormalizer.swift */ = {isa = PBXFileReference; lastKnownFileType = sourcecode.swift; path = RateLimitNormalizer.swift; sourceTree = "<group>"; };
		A00000000000000000000015 /* UsagePopover.swift */ = {isa = PBXFileReference; lastKnownFileType = sourcecode.swift; path = UsagePopover.swift; sourceTree = "<group>"; };
		A00000000000000000000016 /* Info.plist */ = {isa = PBXFileReference; lastKnownFileType = text.plist.xml; path = Info.plist; sourceTree = "<group>"; };
		A00000000000000000000020 /* CodexMenuBarTests.xctest */ = {isa = PBXFileReference; explicitFileType = wrapper.cfbundle; includeInIndex = 0; path = CodexMenuBarTests.xctest; sourceTree = BUILT_PRODUCTS_DIR; };
		A00000000000000000000021 /* JSONLineFramerTests.swift */ = {isa = PBXFileReference; lastKnownFileType = sourcecode.swift; path = JSONLineFramerTests.swift; sourceTree = "<group>"; };
		A00000000000000000000022 /* RateLimitNormalizerTests.swift */ = {isa = PBXFileReference; lastKnownFileType = sourcecode.swift; path = RateLimitNormalizerTests.swift; sourceTree = "<group>"; };
		B00000000000000000000011 /* ScriptableExporter.swift */ = {isa = PBXFileReference; lastKnownFileType = sourcecode.swift; path = ScriptableExporter.swift; sourceTree = "<group>"; };
		B00000000000000000000012 /* Codex Usage.js */ = {isa = PBXFileReference; lastKnownFileType = sourcecode.javascript; path = "Scriptable/Codex Usage.js"; sourceTree = "<group>"; };
/* End PBXFileReference section */

/* Begin PBXFrameworksBuildPhase section */
		A00000000000000000000031 /* Frameworks */ = {isa = PBXFrameworksBuildPhase; buildActionMask = 2147483647; files = (); runOnlyForDeploymentPostprocessing = 0; };
		A00000000000000000000032 /* Frameworks */ = {isa = PBXFrameworksBuildPhase; buildActionMask = 2147483647; files = (); runOnlyForDeploymentPostprocessing = 0; };
/* End PBXFrameworksBuildPhase section */

/* Begin PBXGroup section */
		A00000000000000000000070 = {isa = PBXGroup; children = (A00000000000000000000071 /* CodexMenuBar */, A00000000000000000000072 /* CodexMenuBarTests */, A00000000000000000000073 /* Products */); sourceTree = "<group>"; };
		A00000000000000000000071 /* CodexMenuBar */ = {isa = PBXGroup; children = (A00000000000000000000011, A00000000000000000000012, A00000000000000000000013, A00000000000000000000014, A00000000000000000000015, B00000000000000000000011, B00000000000000000000012, A00000000000000000000016); path = CodexMenuBar; sourceTree = "<group>"; };
		A00000000000000000000072 /* CodexMenuBarTests */ = {isa = PBXGroup; children = (A00000000000000000000021, A00000000000000000000022); path = CodexMenuBarTests; sourceTree = "<group>"; };
		A00000000000000000000073 /* Products */ = {isa = PBXGroup; children = (A00000000000000000000010, A00000000000000000000020); name = Products; sourceTree = "<group>"; };
/* End PBXGroup section */

/* Begin PBXNativeTarget section */
		A00000000000000000000060 /* CodexMenuBar */ = {isa = PBXNativeTarget; buildConfigurationList = A00000000000000000000080 /* Build configuration list for PBXNativeTarget "CodexMenuBar" */; buildPhases = (A00000000000000000000061 /* Sources */, A00000000000000000000031 /* Frameworks */, A00000000000000000000062 /* Resources */); buildRules = (); dependencies = (); name = CodexMenuBar; productName = CodexMenuBar; productReference = A00000000000000000000010 /* CodexMenuBar.app */; productType = "com.apple.product-type.application"; };
		A00000000000000000000063 /* CodexMenuBarTests */ = {isa = PBXNativeTarget; buildConfigurationList = A00000000000000000000081 /* Build configuration list for PBXNativeTarget "CodexMenuBarTests" */; buildPhases = (A00000000000000000000064 /* Sources */, A00000000000000000000032 /* Frameworks */, A00000000000000000000065 /* Resources */); buildRules = (); dependencies = (A00000000000000000000043 /* PBXTargetDependency */); name = CodexMenuBarTests; productName = CodexMenuBarTests; productReference = A00000000000000000000020 /* CodexMenuBarTests.xctest */; productType = "com.apple.product-type.bundle.unit-test"; };
/* End PBXNativeTarget section */

/* Begin PBXProject section */
		A00000000000000000000050 /* Project object */ = {isa = PBXProject; attributes = {LastUpgradeCheck = 2650; TargetAttributes = {A00000000000000000000060 = {CreatedOnToolsVersion = 26.5;}; A00000000000000000000063 = {CreatedOnToolsVersion = 26.5; TestTargetID = A00000000000000000000060;};};}; buildConfigurationList = A00000000000000000000082 /* Build configuration list for PBXProject "CodexMenuBar" */; compatibilityVersion = "Xcode 3.2"; developmentRegion = en; hasScannedForEncodings = 0; knownRegions = (en, Base); mainGroup = A00000000000000000000070; productRefGroup = A00000000000000000000073 /* Products */; projectDirPath = ""; projectRoot = ""; targets = (A00000000000000000000060, A00000000000000000000063); };
/* End PBXProject section */

/* Begin PBXResourcesBuildPhase section */
		A00000000000000000000062 /* Resources */ = {isa = PBXResourcesBuildPhase; buildActionMask = 2147483647; files = (B00000000000000000000002); runOnlyForDeploymentPostprocessing = 0; };
		A00000000000000000000065 /* Resources */ = {isa = PBXResourcesBuildPhase; buildActionMask = 2147483647; files = (); runOnlyForDeploymentPostprocessing = 0; };
/* End PBXResourcesBuildPhase section */

/* Begin PBXTargetDependency section */
		A00000000000000000000043 /* PBXTargetDependency */ = {isa = PBXTargetDependency; target = A00000000000000000000060 /* CodexMenuBar */; targetProxy = A00000000000000000000042 /* PBXContainerItemProxy */; };
/* End PBXTargetDependency section */

/* Begin PBXSourcesBuildPhase section */
		A00000000000000000000061 /* Sources */ = {isa = PBXSourcesBuildPhase; buildActionMask = 2147483647; files = (A00000000000000000000001, A00000000000000000000002, A00000000000000000000003, A00000000000000000000004, A00000000000000000000005, B00000000000000000000001); runOnlyForDeploymentPostprocessing = 0; };
		A00000000000000000000064 /* Sources */ = {isa = PBXSourcesBuildPhase; buildActionMask = 2147483647; files = (A00000000000000000000007, A00000000000000000000008); runOnlyForDeploymentPostprocessing = 0; };
/* End PBXSourcesBuildPhase section */

/* Begin XCBuildConfiguration section */
		A00000000000000000000090 /* Debug */ = {isa = XCBuildConfiguration; buildSettings = {ALWAYS_SEARCH_USER_PATHS = NO; CLANG_ENABLE_MODULES = YES; CODE_SIGN_STYLE = Automatic; CURRENT_PROJECT_VERSION = 1; DEBUG_INFORMATION_FORMAT = dwarf; DEVELOPMENT_TEAM = ""; ENABLE_PREVIEWS = YES; ENABLE_TESTABILITY = YES; GENERATE_INFOPLIST_FILE = NO; INFOPLIST_FILE = CodexMenuBar/Info.plist; MACOSX_DEPLOYMENT_TARGET = 14.0; PRODUCT_BUNDLE_IDENTIFIER = com.codex.menubar; PRODUCT_NAME = "$(TARGET_NAME)"; SWIFT_VERSION = 6.0; }; name = Debug; };
		A00000000000000000000091 /* Release */ = {isa = XCBuildConfiguration; buildSettings = {ALWAYS_SEARCH_USER_PATHS = NO; CLANG_ENABLE_MODULES = YES; CODE_SIGN_STYLE = Automatic; CURRENT_PROJECT_VERSION = 1; DEBUG_INFORMATION_FORMAT = "dwarf-with-dsym"; DEVELOPMENT_TEAM = ""; ENABLE_HARDENED_RUNTIME = YES; GENERATE_INFOPLIST_FILE = NO; INFOPLIST_FILE = CodexMenuBar/Info.plist; MACOSX_DEPLOYMENT_TARGET = 14.0; PRODUCT_BUNDLE_IDENTIFIER = com.codex.menubar; PRODUCT_NAME = "$(TARGET_NAME)"; SWIFT_VERSION = 6.0; }; name = Release; };
		A00000000000000000000092 /* Debug */ = {isa = XCBuildConfiguration; buildSettings = {BUNDLE_LOADER = "$(TEST_HOST)"; CLANG_ENABLE_MODULES = YES; CODE_SIGN_STYLE = Automatic; CURRENT_PROJECT_VERSION = 1; GENERATE_INFOPLIST_FILE = YES; MACOSX_DEPLOYMENT_TARGET = 14.0; PRODUCT_BUNDLE_IDENTIFIER = com.codex.menubar.tests; PRODUCT_NAME = "$(TARGET_NAME)"; SWIFT_VERSION = 6.0; TEST_HOST = "$(BUILT_PRODUCTS_DIR)/CodexMenuBar.app/Contents/MacOS/CodexMenuBar"; }; name = Debug; };
		A00000000000000000000093 /* Release */ = {isa = XCBuildConfiguration; buildSettings = {BUNDLE_LOADER = "$(TEST_HOST)"; CLANG_ENABLE_MODULES = YES; CODE_SIGN_STYLE = Automatic; CURRENT_PROJECT_VERSION = 1; GENERATE_INFOPLIST_FILE = YES; MACOSX_DEPLOYMENT_TARGET = 14.0; PRODUCT_BUNDLE_IDENTIFIER = com.codex.menubar.tests; PRODUCT_NAME = "$(TARGET_NAME)"; SWIFT_VERSION = 6.0; TEST_HOST = "$(BUILT_PRODUCTS_DIR)/CodexMenuBar.app/Contents/MacOS/CodexMenuBar"; }; name = Release; };
		A00000000000000000000094 /* Project Debug */ = {isa = XCBuildConfiguration; buildSettings = {CLANG_ENABLE_MODULES = YES; SWIFT_VERSION = 6.0; }; name = Debug; };
		A00000000000000000000095 /* Project Release */ = {isa = XCBuildConfiguration; buildSettings = {CLANG_ENABLE_MODULES = YES; SWIFT_VERSION = 6.0; }; name = Release; };
/* End XCBuildConfiguration section */

/* Begin XCConfigurationList section */
		A00000000000000000000080 /* Build configuration list for PBXNativeTarget "CodexMenuBar" */ = {isa = XCConfigurationList; buildConfigurations = (A00000000000000000000090, A00000000000000000000091); defaultConfigurationIsVisible = 0; defaultConfigurationName = Release; };
		A00000000000000000000081 /* Build configuration list for PBXNativeTarget "CodexMenuBarTests" */ = {isa = XCConfigurationList; buildConfigurations = (A00000000000000000000092, A00000000000000000000093); defaultConfigurationIsVisible = 0; defaultConfigurationName = Release; };
		A00000000000000000000082 /* Build configuration list for PBXProject "CodexMenuBar" */ = {isa = XCConfigurationList; buildConfigurations = (A00000000000000000000094, A00000000000000000000095); defaultConfigurationIsVisible = 0; defaultConfigurationName = Release; };
/* End XCConfigurationList section */
	};
	rootObject = A00000000000000000000050 /* Project object */;
}
